
Microsoft Visual Studio Solution File, Format Version 12.00
Project("{FAE04EC0-301F-11D3-BF4B-00C04F79EFBC}") = "ABPD.Core", "ABPD.Core\ABPD.Core.csproj", "{122B623E-B9A4-4555-94D4-1184504211F6}"
EndProject
Project("{FAE04EC0-301F-11D3-BF4B-00C04F79EFBC}") = "ABPD.Tests", "ABPD.Tests\ABPD.Tests.csproj", "{E2202BE7-5865-4E7A-BB68-366AAA8392A4}"
EndProject
Project("{2150E333-8FDC-42A3-9474-1A3956D46DE8}") = "src", "src", "{137FE8C7-46EE-48D7-937F-D83A63C9ABFD}"
EndProject
Project("{2150E333-8FDC-42A3-9474-1A3956D46DE8}") = "test", "test", "{9A033358-55A5-4102-98F1-E916902B1B16}"
EndProject
Project("{FAE04EC0-301F-11D3-BF4B-00C04F79EFBC}") = "ABPD.Web", "ABPD.Web\ABPD.Web.csproj", "{1A32F256-427F-4E17-8DB4-2BDD7EE975D0}"
EndProject
Project("{FAE04EC0-301F-11D3-BF4B-00C04F79EFBC}") = "ABPD.Modells", "ABPD.Modells\ABPD.Modells.csproj", "{717FE545-E2E5-445A-BDA5-5C5CEFA08ADE}"
EndProject
Project("{FAE04EC0-301F-11D3-BF4B-00C04F79EFBC}") = "ABPD.Console", "ABPD.Console\ABPD.Console.csproj", "{A15B104C-0856-4697-A624-C238970D6060}"
EndProject
Global
	GlobalSection(SolutionConfigurationPlatforms) = preSolution
		Debug|Any CPU = Debug|Any CPU
		Release|Any CPU = Release|Any CPU
	EndGlobalSection
	GlobalSection(ProjectConfigurationPlatforms) = postSolution
		{122B623E-B9A4-4555-94D4-1184504211F6}.Debug|Any CPU.ActiveCfg = Debug|Any CPU
		{122B623E-B9A4-4555-94D4-1184504211F6}.Debug|Any CPU.Build.0 = Debug|Any CPU
		{122B623E-B9A4-4555-94D4-1184504211F6}.Release|Any CPU.ActiveCfg = Release|Any CPU
		{122B623E-B9A4-4555-94D4-1184504211F6}.Release|Any CPU.Build.0 = Release|Any CPU
		{E2202BE7-5865-4E7A-BB68-366AAA8392A4}.Debug|Any CPU.ActiveCfg = Debug|Any CPU
		{E2202BE7-5865-4E7A-BB68-366AAA8392A4}.Debug|Any CPU.Build.0 = Debug|Any CPU
		{E2202BE7-5865-4E7A-BB68-366AAA8392A4}.Release|Any CPU.ActiveCfg = Release|Any CPU
		{E2202BE7-5865-4E7A-BB68-366AAA8392A4}.Release|Any CPU.Build.0 = Release|Any CPU
		{1A32F256-427F-4E17-8DB4-2BDD7EE975D0}.Debug|Any CPU.ActiveCfg = Debug|Any CPU
		{1A32F256-427F-4E17-8DB4-2BDD7EE975D0}.Debug|Any CPU.Build.0 = Debug|Any CPU
		{1A32F256-427F-4E17-8DB4-2BDD7EE975D0}.Release|Any CPU.ActiveCfg = Release|Any CPU
		{1A32F256-427F-4E17-8DB4-2BDD7EE975D0}.Release|Any CPU.Build.0 = Release|Any CPU
		{717FE545-E2E5-445A-BDA5-5C5CEFA08ADE}.Debug|Any CPU.ActiveCfg = Debug|Any CPU
		{717FE545-E2E5-445A-BDA5-5C5CEFA08ADE}.Debug|Any CPU.Build.0 = Debug|Any CPU
		{717FE545-E2E5-445A-BDA5-5C5CEFA08ADE}.Release|Any CPU.ActiveCfg = Release|Any CPU
		{717FE545-E2E5-445A-BDA5-5C5CEFA08ADE}.Release|Any CPU.Build.0 = Release|Any CPU
		{A15B104C-0856-4697-A624-C238970D6060}.Debug|Any CPU.ActiveCfg = Debug|Any CPU
		{A15B104C-0856-4697-A624-C238970D6060}.Debug|Any CPU.Build.0 = Debug|Any CPU
		{A15B104C-0856-4697-A624-C238970D6060}.Release|Any CPU.ActiveCfg = Release|Any CPU
		{A15B104C-0856-4697-A624-C238970D6060}.Release|Any CPU.Build.0 = Release|Any CPU
	EndGlobalSection
	GlobalSection(NestedProjects) = preSolution
		{122B623E-B9A4-4555-94D4-1184504211F6} = {137FE8C7-46EE-48D7-937F-D83A63C9ABFD}
		{E2202BE7-5865-4E7A-BB68-366AAA8392A4} = {9A033358-55A5-4102-98F1-E916902B1B16}
		{1A32F256-427F-4E17-8DB4-2BDD7EE975D0} = {137FE8C7-46EE-48D7-937F-D83A63C9ABFD}
		{717FE545-E2E5-445A-BDA5-5C5CEFA08ADE} = {137FE8C7-46EE-48D7-937F-D83A63C9ABFD}
		{A15B104C-0856-4697-A624-C238970D6060} = {137FE8C7-46EE-48D7-937F-D83A63C9ABFD}
	EndGlobalSection
EndGlobal
